PODS:
  - SwiftChain (1.0.0.3)
  - SwiftExpand (7.2.0.1):
    - SwiftChain

DEPENDENCIES:
  - SwiftExpand (from `../`)

SPEC REPOS:
  https://github.com/CocoaPods/Specs.git:
    - SwiftChain

EXTERNAL SOURCES:
  SwiftExpand:
    :path: "../"

SPEC CHECKSUMS:
  SwiftChain: 4b96742bb8a2b3e92a722ebf66125815551dd02e
  SwiftExpand: 4bae35e3505153b7b992cddc6c3f18f4c489e349

PODFILE CHECKSUM: 1ebbffd0537dffd57bd2b07a91090ffdaedd1833

COCOAPODS: 1.10.1
