PODS:
  - SnapKit (4.2.0)
  - SwiftChain (1.0.0.3)
  - SwiftExpand (6.9.4):
    - SnapKit
    - SwiftChain

DEPENDENCIES:
  - SwiftExpand (from `../`)

SPEC REPOS:
  https://github.com/CocoaPods/Specs.git:
    - SnapKit
    - SwiftChain

EXTERNAL SOURCES:
  SwiftExpand:
    :path: "../"

SPEC CHECKSUMS:
  SnapKit: fe8a619752f3f27075cc9a90244d75c6c3f27e2a
  SwiftChain: 4b96742bb8a2b3e92a722ebf66125815551dd02e
  SwiftExpand: e5c32daa1e85090af8bce13acb9770b7067d2bbc

PODFILE CHECKSUM: 1ebbffd0537dffd57bd2b07a91090ffdaedd1833

COCOAPODS: 1.10.1
