// !$*UTF8*$!
{
	archiveVersion = 1;
	classes = {
	};
	objectVersion = 77;
	objects = {

/* Begin PBXBuildFile section */
		1455EF592FE29FA700D45594 /* SwiftExpand in Frameworks */ = {isa = PBXBuildFile; productRef = 1455EF402FE29D9000D45594 /* SwiftExpand */; };
/* End PBXBuildFile section */

/* Begin PBXContainerItemProxy section */
		1455EF212FE29D6E00D45594 /* PBXContainerItemProxy */ = {
			isa = PBXContainerItemProxy;
			containerPortal = 1455EF022FE29D6A00D45594 /* Project object */;
			proxyType = 1;
			remoteGlobalIDString = 1455EF092FE29D6A00D45594;
			remoteInfo = SwiftExpandExampleSPM;
		};
		1455EF2B2FE29D6E00D45594 /* PBXContainerItemProxy */ = {
			isa = PBXContainerItemProxy;
			containerPortal = 1455EF022FE29D6A00D45594 /* Project object */;
			proxyType = 1;
			remoteGlobalIDString = 1455EF092FE29D6A00D45594;
			remoteInfo = SwiftExpandExampleSPM;
		};
/* End PBXContainerItemProxy section */

/* Begin PBXFileReference section */
		1455EF0A2FE29D6A00D45594 /* SwiftExpandExampleSPM.app */ = {isa = PBXFileReference; explicitFileType = wrapper.application; includeInIndex = 0; path = SwiftExpandExampleSPM.app; sourceTree = BUILT_PRODUCTS_DIR; };
		1455EF202FE29D6E00D45594 /* SwiftExpandExampleSPMTests.xctest */ = {isa = PBXFileReference; explicitFileType = wrapper.cfbundle; includeInIndex = 0; path = SwiftExpandExampleSPMTests.xctest; sourceTree = BUILT_PRODUCTS_DIR; };
		1455EF2A2FE29D6E00D45594 /* SwiftExpandExampleSPMUITests.xctest */ = {isa = PBXFileReference; explicitFileType = wrapper.cfbundle; includeInIndex = 0; path = SwiftExpandExampleSPMUITests.xctest; sourceTree = BUILT_PRODUCTS_DIR; };
/* End PBXFileReference section */

/* Begin PBXFileSystemSynchronizedBuildFileExceptionSet section */
		1455EF322FE29D6E00D45594 /* Exceptions for "SwiftExpandExampleSPM" folder in "SwiftExpandExampleSPM" target */ = {
			isa = PBXFileSystemSynchronizedBuildFileExceptionSet;
			membershipExceptions = (
				Info.plist,
			);
			target = 1455EF092FE29D6A00D45594 /* SwiftExpandExampleSPM */;
		};
/* End PBXFileSystemSynchronizedBuildFileExceptionSet section */

/* Begin PBXFileSystemSynchronizedRootGroup section */
		1455EF0C2FE29D6A00D45594 /* SwiftExpandExampleSPM */ = {
			isa = PBXFileSystemSynchronizedRootGroup;
			exceptions = (
				1455EF322FE29D6E00D45594 /* Exceptions for "SwiftExpandExampleSPM" folder in "SwiftExpandExampleSPM" target */,
			);
			path = SwiftExpandExampleSPM;
			sourceTree = "<group>";
		};
		1455EF232FE29D6E00D45594 /* SwiftExpandExampleSPMTests */ = {
			isa = PBXFileSystemSynchronizedRootGroup;
			path = SwiftExpandExampleSPMTests;
			sourceTree = "<group>";
		};
		1455EF2D2FE29D6E00D45594 /* SwiftExpandExampleSPMUITests */ = {
			isa = PBXFileSystemSynchronizedRootGroup;
			path = SwiftExpandExampleSPMUITests;
			sourceTree = "<group>";
		};
/* End PBXFileSystemSynchronizedRootGroup section */

/* Begin PBXFrameworksBuildPhase section */
		1455EF072FE29D6A00D45594 /* Frameworks */ = {
			isa = PBXFrameworksBuildPhase;
			buildActionMask = 2147483647;
			files = (
				1455EF592FE29FA700D45594 /* SwiftExpand in Frameworks */,
			);
			runOnlyForDeploymentPostprocessing = 0;
		};
		1455EF1D2FE29D6E00D45594 /* Frameworks */ = {
			isa = PBXFrameworksBuildPhase;
			buildActionMask = 2147483647;
			files = (
			);
			runOnlyForDeploymentPostprocessing = 0;
		};
		1455EF272FE29D6E00D45594 /* Frameworks */ = {
			isa = PBXFrameworksBuildPhase;
			buildActionMask = 2147483647;
			files = (
			);
			runOnlyForDeploymentPostprocessing = 0;
		};
/* End PBXFrameworksBuildPhase section */

/* Begin PBXGroup section */
		1455EF012FE29D6A00D45594 = {
			isa = PBXGroup;
			children = (
				1455EF0C2FE29D6A00D45594 /* SwiftExpandExampleSPM */,
				1455EF232FE29D6E00D45594 /* SwiftExpandExampleSPMTests */,
				1455EF2D2FE29D6E00D45594 /* SwiftExpandExampleSPMUITests */,
				1455EF0B2FE29D6A00D45594 /* Products */,
			);
			sourceTree = "<group>";
		};
		1455EF0B2FE29D6A00D45594 /* Products */ = {
			isa = PBXGroup;
			children = (
				1455EF0A2FE29D6A00D45594 /* SwiftExpandExampleSPM.app */,
				1455EF202FE29D6E00D45594 /* SwiftExpandExampleSPMTests.xctest */,
				1455EF2A2FE29D6E00D45594 /* SwiftExpandExampleSPMUITests.xctest */,
			);
			name = Products;
			sourceTree = "<group>";
		};
/* End PBXGroup section */

/* Begin PBXNativeTarget section */
		1455EF092FE29D6A00D45594 /* SwiftExpandExampleSPM */ = {
			isa = PBXNativeTarget;
			buildConfigurationList = 1455EF332FE29D6E00D45594 /* Build configuration list for PBXNativeTarget "SwiftExpandExampleSPM" */;
			buildPhases = (
				1455EF062FE29D6A00D45594 /* Sources */,
				1455EF072FE29D6A00D45594 /* Frameworks */,
				1455EF082FE29D6A00D45594 /* Resources */,
			);
			buildRules = (
			);
			dependencies = (
			);
			fileSystemSynchronizedGroups = (
				1455EF0C2FE29D6A00D45594 /* SwiftExpandExampleSPM */,
			);
			name = SwiftExpandExampleSPM;
			packageProductDependencies = (
				1455EF402FE29D9000D45594 /* SwiftExpand */,
			);
			productName = SwiftExpandExampleSPM;
			productReference = 1455EF0A2FE29D6A00D45594 /* SwiftExpandExampleSPM.app */;
			productType = "com.apple.product-type.application";
		};
		1455EF1F2FE29D6E00D45594 /* SwiftExpandExampleSPMTests */ = {
			isa = PBXNativeTarget;
			buildConfigurationList = 1455EF382FE29D6E00D45594 /* Build configuration list for PBXNativeTarget "SwiftExpandExampleSPMTests" */;
			buildPhases = (
				1455EF1C2FE29D6E00D45594 /* Sources */,
				1455EF1D2FE29D6E00D45594 /* Frameworks */,
				1455EF1E2FE29D6E00D45594 /* Resources */,
			);
			buildRules = (
			);
			dependencies = (
				1455EF222FE29D6E00D45594 /* PBXTargetDependency */,
			);
			fileSystemSynchronizedGroups = (
				1455EF232FE29D6E00D45594 /* SwiftExpandExampleSPMTests */,
			);
			name = SwiftExpandExampleSPMTests;
			packageProductDependencies = (
			);
			productName = SwiftExpandExampleSPMTests;
			productReference = 1455EF202FE29D6E00D45594 /* SwiftExpandExampleSPMTests.xctest */;
			productType = "com.apple.product-type.bundle.unit-test";
		};
		1455EF292FE29D6E00D45594 /* SwiftExpandExampleSPMUITests */ = {
			isa = PBXNativeTarget;
			buildConfigurationList = 1455EF3B2FE29D6E00D45594 /* Build configuration list for PBXNativeTarget "SwiftExpandExampleSPMUITests" */;
			buildPhases = (
				1455EF262FE29D6E00D45594 /* Sources */,
				1455EF272FE29D6E00D45594 /* Frameworks */,
				1455EF282FE29D6E00D45594 /* Resources */,
			);
			buildRules = (
			);
			dependencies = (
				1455EF2C2FE29D6E00D45594 /* PBXTargetDependency */,
			);
			fileSystemSynchronizedGroups = (
				1455EF2D2FE29D6E00D45594 /* SwiftExpandExampleSPMUITests */,
			);
			name = SwiftExpandExampleSPMUITests;
			packageProductDependencies = (
			);
			productName = SwiftExpandExampleSPMUITests;
			productReference = 1455EF2A2FE29D6E00D45594 /* SwiftExpandExampleSPMUITests.xctest */;
			productType = "com.apple.product-type.bundle.ui-testing";
		};
/* End PBXNativeTarget section */

/* Begin PBXProject section */
		1455EF022FE29D6A00D45594 /* Project object */ = {
			isa = PBXProject;
			attributes = {
				BuildIndependentTargetsInParallel = 1;
				LastSwiftUpdateCheck = 1630;
				LastUpgradeCheck = 1630;
				TargetAttributes = {
					1455EF092FE29D6A00D45594 = {
						CreatedOnToolsVersion = 16.3;
					};
					1455EF1F2FE29D6E00D45594 = {
						CreatedOnToolsVersion = 16.3;
						TestTargetID = 1455EF092FE29D6A00D45594;
					};
					1455EF292FE29D6E00D45594 = {
						CreatedOnToolsVersion = 16.3;
						TestTargetID = 1455EF092FE29D6A00D45594;
					};
				};
			};
			buildConfigurationList = 1455EF052FE29D6A00D45594 /* Build configuration list for PBXProject "SwiftExpandExampleSPM" */;
			developmentRegion = en;
			hasScannedForEncodings = 0;
			knownRegions = (
				en,
				Base,
			);
			mainGroup = 1455EF012FE29D6A00D45594;
			minimizedProjectReferenceProxies = 1;
			packageReferences = (
				1455EF3E2FE29D8F00D45594 /* XCLocalSwiftPackageReference "../../SwiftExpand" */,
			);
			preferredProjectObjectVersion = 77;
			productRefGroup = 1455EF0B2FE29D6A00D45594 /* Products */;
			projectDirPath = "";
			projectRoot = "";
			targets = (
				1455EF092FE29D6A00D45594 /* SwiftExpandExampleSPM */,
				1455EF1F2FE29D6E00D45594 /* SwiftExpandExampleSPMTests */,
				1455EF292FE29D6E00D45594 /* SwiftExpandExampleSPMUITests */,
			);
		};
/* End PBXProject section */

/* Begin PBXResourcesBuildPhase section */
		1455EF082FE29D6A00D45594 /* Resources */ = {
			isa = PBXResourcesBuildPhase;
			buildActionMask = 2147483647;
			files = (
			);
			runOnlyForDeploymentPostprocessing = 0;
		};
		1455EF1E2FE29D6E00D45594 /* Resources */ = {
			isa = PBXResourcesBuildPhase;
			buildActionMask = 2147483647;
			files = (
			);
			runOnlyForDeploymentPostprocessing = 0;
		};
		1455EF282FE29D6E00D45594 /* Resources */ = {
			isa = PBXResourcesBuildPhase;
			buildActionMask = 2147483647;
			files = (
			);
			runOnlyForDeploymentPostprocessing = 0;
		};
/* End PBXResourcesBuildPhase section */

/* Begin PBXSourcesBuildPhase section */
		1455EF062FE29D6A00D45594 /* Sources */ = {
			isa = PBXSourcesBuildPhase;
			buildActionMask = 2147483647;
			files = (
			);
			runOnlyForDeploymentPostprocessing = 0;
		};
		1455EF1C2FE29D6E00D45594 /* Sources */ = {
			isa = PBXSourcesBuildPhase;
			buildActionMask = 2147483647;
			files = (
			);
			runOnlyForDeploymentPostprocessing = 0;
		};
		1455EF262FE29D6E00D45594 /* Sources */ = {
			isa = PBXSourcesBuildPhase;
			buildActionMask = 2147483647;
			files = (
			);
			runOnlyForDeploymentPostprocessing = 0;
		};
/* End PBXSourcesBuildPhase section */

/* Begin PBXTargetDependency section */
		1455EF222FE29D6E00D45594 /* PBXTargetDependency */ = {
			isa = PBXTargetDependency;
			target = 1455EF092FE29D6A00D45594 /* SwiftExpandExampleSPM */;
			targetProxy = 1455EF212FE29D6E00D45594 /* PBXContainerItemProxy */;
		};
		1455EF2C2FE29D6E00D45594 /* PBXTargetDependency */ = {
			isa = PBXTargetDependency;
			target = 1455EF092FE29D6A00D45594 /* SwiftExpandExampleSPM */;
			targetProxy = 1455EF2B2FE29D6E00D45594 /* PBXContainerItemProxy */;
		};
/* End PBXTargetDependency section */

/* Begin XCBuildConfiguration section */
		1455EF342FE29D6E00D45594 /* Debug */ = {
			isa = XCBuildConfiguration;
			buildSettings = {
				ASSETCATALOG_COMPILER_APPICON_NAME = AppIcon;
				ASSETCATALOG_COMPILER_GLOBAL_ACCENT_COLOR_NAME = AccentColor;
				CODE_SIGN_STYLE = Automatic;
				CURRENT_PROJECT_VERSION = 1;
				DEVELOPMENT_TEAM = 2JZLEXVN7E;
				GENERATE_INFOPLIST_FILE = YES;
				INFOPLIST_FILE = SwiftExpandExampleSPM/Info.plist;
				INFOPLIST_KEY_UIApplicationSupportsIndirectInputEvents = YES;
				INFOPLIST_KEY_UILaunchStoryboardName = LaunchScreen;
				INFOPLIST_KEY_UISupportedInterfaceOrientations_iPad = "UIInterfaceOrientationPortrait UIInterfaceOrientationPortraitUpsideDown UIInterfaceOrientationLandscapeLeft UIInterfaceOrientationLandscapeRight";
				INFOPLIST_KEY_UISupportedInterfaceOrientations_iPhone = "UIInterfaceOrientationPortrait UIInterfaceOrientationLandscapeLeft UIInterfaceOrientationLandscapeRight";
				IPHONEOS_DEPLOYMENT_TARGET = 15.6;
				LD_RUNPATH_SEARCH_PATHS = (
					"$(inherited)",
					"@executable_path/Frameworks",
				);
				MARKETING_VERSION = 1.0;
				PRODUCT_BUNDLE_IDENTIFIER = bin.MacTemplet.uiswiftProject.SwiftExpandExampleSPM;
				PRODUCT_NAME = "$(TARGET_NAME)";
				SUPPORTED_PLATFORMS = "iphoneos iphonesimulator";
				SUPPORTS_MACCATALYST = NO;
				SUPPORTS_XR_DESIGNED_FOR_IPHONE_IPAD = NO;
				SWIFT_EMIT_LOC_STRINGS = YES;
				SWIFT_VERSION = 5.0;
				TARGETED_DEVICE_FAMILY = "1,2";
			};
			name = Debug;
		};
		1455EF352FE29D6E00D45594 /* Release */ = {
			isa = XCBuildConfiguration;
			buildSettings = {
				ASSETCATALOG_COMPILER_APPICON_NAME = AppIcon;
				ASSETCATALOG_COMPILER_GLOBAL_ACCENT_COLOR_NAME = AccentColor;
				CODE_SIGN_STYLE = Automatic;
				CURRENT_PROJECT_VERSION = 1;
				DEVELOPMENT_TEAM = 2JZLEXVN7E;
				GENERATE_INFOPLIST_FILE = YES;
				INFOPLIST_FILE = SwiftExpandExampleSPM/Info.plist;
				INFOPLIST_KEY_UIApplicationSupportsIndirectInputEvents = YES;
				INFOPLIST_KEY_UILaunchStoryboardName = LaunchScreen;
				INFOPLIST_KEY_UISupportedInterfaceOrientations_iPad = "UIInterfaceOrientationPortrait UIInterfaceOrientationPortraitUpsideDown UIInterfaceOrientationLandscapeLeft UIInterfaceOrientationLandscapeRight";
				INFOPLIST_KEY_UISupportedInterfaceOrientations_iPhone = "UIInterfaceOrientationPortrait UIInterfaceOrientationLandscapeLeft UIInterfaceOrientationLandscapeRight";
				IPHONEOS_DEPLOYMENT_TARGET = 15.6;
				LD_RUNPATH_SEARCH_PATHS = (
					"$(inherited)",
					"@executable_path/Frameworks",
				);
				MARKETING_VERSION = 1.0;
				PRODUCT_BUNDLE_IDENTIFIER = bin.MacTemplet.uiswiftProject.SwiftExpandExampleSPM;
				PRODUCT_NAME = "$(TARGET_NAME)";
				SUPPORTED_PLATFORMS = "iphoneos iphonesimulator";
				SUPPORTS_MACCATALYST = NO;
				SUPPORTS_XR_DESIGNED_FOR_IPHONE_IPAD = NO;
				SWIFT_EMIT_LOC_STRINGS = YES;
				SWIFT_VERSION = 5.0;
				TARGETED_DEVICE_FAMILY = "1,2";
			};
			name = Release;
		};
		1455EF362FE29D6E00D45594 /* Debug */ = {
			isa = XCBuildConfiguration;
			buildSettings = {
				ALWAYS_SEARCH_USER_PATHS = NO;
				ASSETCATALOG_COMPILER_GENERATE_SWIFT_ASSET_SYMBOL_EXTENSIONS = YES;
				CLANG_ANALYZER_NONNULL = YES;
				CLANG_ANALYZER_NUMBER_OBJECT_CONVERSION = YES_AGGRESSIVE;
				CLANG_CXX_LANGUAGE_STANDARD = "gnu++20";
				CLANG_ENABLE_MODULES = YES;
				CLANG_ENABLE_OBJC_ARC = YES;
				CLANG_ENABLE_OBJC_WEAK = YES;
				CLANG_WARN_BLOCK_CAPTURE_AUTORELEASING = YES;
				CLANG_WARN_BOOL_CONVERSION = YES;
				CLANG_WARN_COMMA = YES;
				CLANG_WARN_CONSTANT_CONVERSION = YES;
				CLANG_WARN_DEPRECATED_OBJC_IMPLEMENTATIONS = YES;
				CLANG_WARN_DIRECT_OBJC_ISA_USAGE = YES_ERROR;
				CLANG_WARN_DOCUMENTATION_COMMENTS = YES;
				CLANG_WARN_EMPTY_BODY = YES;
				CLANG_WARN_ENUM_CONVERSION = YES;
				CLANG_WARN_INFINITE_RECURSION = YES;
				CLANG_WARN_INT_CONVERSION = YES;
				CLANG_WARN_NON_LITERAL_NULL_CONVERSION = YES;
				CLANG_WARN_OBJC_IMPLICIT_RETAIN_SELF = YES;
				CLANG_WARN_OBJC_LITERAL_CONVERSION = YES;
				CLANG_WARN_OBJC_ROOT_CLASS = YES_ERROR;
				CLANG_WARN_QUOTED_INCLUDE_IN_FRAMEWORK_HEADER = YES;
				CLANG_WARN_RANGE_LOOP_ANALYSIS = YES;
				CLANG_WARN_STRICT_PROTOTYPES = YES;
				CLANG_WARN_SUSPICIOUS_MOVE = YES;
				CLANG_WARN_UNGUARDED_AVAILABILITY = YES_AGGRESSIVE;
				CLANG_WARN_UNREACHABLE_CODE = YES;
				CLANG_WARN__DUPLICATE_METHOD_MATCH = YES;
				COPY_PHASE_STRIP = NO;
				DEBUG_INFORMATION_FORMAT = dwarf;
				DEVELOPMENT_TEAM = 2JZLEXVN7E;
				ENABLE_STRICT_OBJC_MSGSEND = YES;
				ENABLE_TESTABILITY = YES;
				ENABLE_USER_SCRIPT_SANDBOXING = YES;
				GCC_C_LANGUAGE_STANDARD = gnu17;
				GCC_DYNAMIC_NO_PIC = NO;
				GCC_NO_COMMON_BLOCKS = YES;
				GCC_OPTIMIZATION_LEVEL = 0;
				GCC_PREPROCESSOR_DEFINITIONS = (
					"DEBUG=1",
					"$(inherited)",
				);
				GCC_WARN_64_TO_32_BIT_CONVERSION = YES;
				GCC_WARN_ABOUT_RETURN_TYPE = YES_ERROR;
				GCC_WARN_UNDECLARED_SELECTOR = YES;
				GCC_WARN_UNINITIALIZED_AUTOS = YES_AGGRESSIVE;
				GCC_WARN_UNUSED_FUNCTION = YES;
				GCC_WARN_UNUSED_VARIABLE = YES;
				IPHONEOS_DEPLOYMENT_TARGET = 18.4;
				LOCALIZATION_PREFERS_STRING_CATALOGS = YES;
				MTL_ENABLE_DEBUG_INFO = INCLUDE_SOURCE;
				MTL_FAST_MATH = YES;
				ONLY_ACTIVE_ARCH = YES;
				SDKROOT = iphoneos;
				SWIFT_ACTIVE_COMPILATION_CONDITIONS = "DEBUG $(inherited)";
				SWIFT_OPTIMIZATION_LEVEL = "-Onone";
			};
			name = Debug;
		};
		1455EF372FE29D6E00D45594 /* Release */ = {
			isa = XCBuildConfiguration;
			buildSettings = {
				ALWAYS_SEARCH_USER_PATHS = NO;
				ASSETCATALOG_COMPILER_GENERATE_SWIFT_ASSET_SYMBOL_EXTENSIONS = YES;
				CLANG_ANALYZER_NONNULL = YES;
				CLANG_ANALYZER_NUMBER_OBJECT_CONVERSION = YES_AGGRESSIVE;
				CLANG_CXX_LANGUAGE_STANDARD = "gnu++20";
				CLANG_ENABLE_MODULES = YES;
				CLANG_ENABLE_OBJC_ARC = YES;
				CLANG_ENABLE_OBJC_WEAK = YES;
				CLANG_WARN_BLOCK_CAPTURE_AUTORELEASING = YES;
				CLANG_WARN_BOOL_CONVERSION = YES;
				CLANG_WARN_COMMA = YES;
				CLANG_WARN_CONSTANT_CONVERSION = YES;
				CLANG_WARN_DEPRECATED_OBJC_IMPLEMENTATIONS = YES;
				CLANG_WARN_DIRECT_OBJC_ISA_USAGE = YES_ERROR;
				CLANG_WARN_DOCUMENTATION_COMMENTS = YES;
				CLANG_WARN_EMPTY_BODY = YES;
				CLANG_WARN_ENUM_CONVERSION = YES;
				CLANG_WARN_INFINITE_RECURSION = YES;
				CLANG_WARN_INT_CONVERSION = YES;
				CLANG_WARN_NON_LITERAL_NULL_CONVERSION = YES;
				CLANG_WARN_OBJC_IMPLICIT_RETAIN_SELF = YES;
				CLANG_WARN_OBJC_LITERAL_CONVERSION = YES;
				CLANG_WARN_OBJC_ROOT_CLASS = YES_ERROR;
				CLANG_WARN_QUOTED_INCLUDE_IN_FRAMEWORK_HEADER = YES;
				CLANG_WARN_RANGE_LOOP_ANALYSIS = YES;
				CLANG_WARN_STRICT_PROTOTYPES = YES;
				CLANG_WARN_SUSPICIOUS_MOVE = YES;
				CLANG_WARN_UNGUARDED_AVAILABILITY = YES_AGGRESSIVE;
				CLANG_WARN_UNREACHABLE_CODE = YES;
				CLANG_WARN__DUPLICATE_METHOD_MATCH = YES;
				COPY_PHASE_STRIP = NO;
				DEBUG_INFORMATION_FORMAT = "dwarf-with-dsym";
				DEVELOPMENT_TEAM = 2JZLEXVN7E;
				ENABLE_NS_ASSERTIONS = NO;
				ENABLE_STRICT_OBJC_MSGSEND = YES;
				ENABLE_USER_SCRIPT_SANDBOXING = YES;
				GCC_C_LANGUAGE_STANDARD = gnu17;
				GCC_NO_COMMON_BLOCKS = YES;
				GCC_WARN_64_TO_32_BIT_CONVERSION = YES;
				GCC_WARN_ABOUT_RETURN_TYPE = YES_ERROR;
				GCC_WARN_UNDECLARED_SELECTOR = YES;
				GCC_WARN_UNINITIALIZED_AUTOS = YES_AGGRESSIVE;
				GCC_WARN_UNUSED_FUNCTION = YES;
				GCC_WARN_UNUSED_VARIABLE = YES;
				IPHONEOS_DEPLOYMENT_TARGET = 18.4;
				LOCALIZATION_PREFERS_STRING_CATALOGS = YES;
				MTL_ENABLE_DEBUG_INFO = NO;
				MTL_FAST_MATH = YES;
				SDKROOT = iphoneos;
				SWIFT_COMPILATION_MODE = wholemodule;
				VALIDATE_PRODUCT = YES;
			};
			name = Release;
		};
		1455EF392FE29D6E00D45594 /* Debug */ = {
			isa = XCBuildConfiguration;
			buildSettings = {
				BUNDLE_LOADER = "$(TEST_HOST)";
				CODE_SIGN_STYLE = Automatic;
				CURRENT_PROJECT_VERSION = 1;
				DEVELOPMENT_TEAM = 2JZLEXVN7E;
				GENERATE_INFOPLIST_FILE = YES;
				IPHONEOS_DEPLOYMENT_TARGET = 18.4;
				MARKETING_VERSION = 1.0;
				PRODUCT_BUNDLE_IDENTIFIER = bin.MacTemplet.uiswiftProject.SwiftExpandExampleSPMTests;
				PRODUCT_NAME = "$(TARGET_NAME)";
				SWIFT_EMIT_LOC_STRINGS = NO;
				SWIFT_VERSION = 5.0;
				TARGETED_DEVICE_FAMILY = "1,2";
				TEST_HOST = "$(BUILT_PRODUCTS_DIR)/SwiftExpandExampleSPM.app/$(BUNDLE_EXECUTABLE_FOLDER_PATH)/SwiftExpandExampleSPM";
			};
			name = Debug;
		};
		1455EF3A2FE29D6E00D45594 /* Release */ = {
			isa = XCBuildConfiguration;
			buildSettings = {
				BUNDLE_LOADER = "$(TEST_HOST)";
				CODE_SIGN_STYLE = Automatic;
				CURRENT_PROJECT_VERSION = 1;
				DEVELOPMENT_TEAM = 2JZLEXVN7E;
				GENERATE_INFOPLIST_FILE = YES;
				IPHONEOS_DEPLOYMENT_TARGET = 18.4;
				MARKETING_VERSION = 1.0;
				PRODUCT_BUNDLE_IDENTIFIER = bin.MacTemplet.uiswiftProject.SwiftExpandExampleSPMTests;
				PRODUCT_NAME = "$(TARGET_NAME)";
				SWIFT_EMIT_LOC_STRINGS = NO;
				SWIFT_VERSION = 5.0;
				TARGETED_DEVICE_FAMILY = "1,2";
				TEST_HOST = "$(BUILT_PRODUCTS_DIR)/SwiftExpandExampleSPM.app/$(BUNDLE_EXECUTABLE_FOLDER_PATH)/SwiftExpandExampleSPM";
			};
			name = Release;
		};
		1455EF3C2FE29D6E00D45594 /* Debug */ = {
			isa = XCBuildConfiguration;
			buildSettings = {
				CODE_SIGN_STYLE = Automatic;
				CURRENT_PROJECT_VERSION = 1;
				DEVELOPMENT_TEAM = 2JZLEXVN7E;
				GENERATE_INFOPLIST_FILE = YES;
				MARKETING_VERSION = 1.0;
				PRODUCT_BUNDLE_IDENTIFIER = bin.MacTemplet.uiswiftProject.SwiftExpandExampleSPMUITests;
				PRODUCT_NAME = "$(TARGET_NAME)";
				SWIFT_EMIT_LOC_STRINGS = NO;
				SWIFT_VERSION = 5.0;
				TARGETED_DEVICE_FAMILY = "1,2";
				TEST_TARGET_NAME = SwiftExpandExampleSPM;
			};
			name = Debug;
		};
		1455EF3D2FE29D6E00D45594 /* Release */ = {
			isa = XCBuildConfiguration;
			buildSettings = {
				CODE_SIGN_STYLE = Automatic;
				CURRENT_PROJECT_VERSION = 1;
				DEVELOPMENT_TEAM = 2JZLEXVN7E;
				GENERATE_INFOPLIST_FILE = YES;
				MARKETING_VERSION = 1.0;
				PRODUCT_BUNDLE_IDENTIFIER = bin.MacTemplet.uiswiftProject.SwiftExpandExampleSPMUITests;
				PRODUCT_NAME = "$(TARGET_NAME)";
				SWIFT_EMIT_LOC_STRINGS = NO;
				SWIFT_VERSION = 5.0;
				TARGETED_DEVICE_FAMILY = "1,2";
				TEST_TARGET_NAME = SwiftExpandExampleSPM;
			};
			name = Release;
		};
/* End XCBuildConfiguration section */

/* Begin XCConfigurationList section */
		1455EF052FE29D6A00D45594 /* Build configuration list for PBXProject "SwiftExpandExampleSPM" */ = {
			isa = XCConfigurationList;
			buildConfigurations = (
				1455EF362FE29D6E00D45594 /* Debug */,
				1455EF372FE29D6E00D45594 /* Release */,
			);
			defaultConfigurationIsVisible = 0;
			defaultConfigurationName = Release;
		};
		1455EF332FE29D6E00D45594 /* Build configuration list for PBXNativeTarget "SwiftExpandExampleSPM" */ = {
			isa = XCConfigurationList;
			buildConfigurations = (
				1455EF342FE29D6E00D45594 /* Debug */,
				1455EF352FE29D6E00D45594 /* Release */,
			);
			defaultConfigurationIsVisible = 0;
			defaultConfigurationName = Release;
		};
		1455EF382FE29D6E00D45594 /* Build configuration list for PBXNativeTarget "SwiftExpandExampleSPMTests" */ = {
			isa = XCConfigurationList;
			buildConfigurations = (
				1455EF392FE29D6E00D45594 /* Debug */,
				1455EF3A2FE29D6E00D45594 /* Release */,
			);
			defaultConfigurationIsVisible = 0;
			defaultConfigurationName = Release;
		};
		1455EF3B2FE29D6E00D45594 /* Build configuration list for PBXNativeTarget "SwiftExpandExampleSPMUITests" */ = {
			isa = XCConfigurationList;
			buildConfigurations = (
				1455EF3C2FE29D6E00D45594 /* Debug */,
				1455EF3D2FE29D6E00D45594 /* Release */,
			);
			defaultConfigurationIsVisible = 0;
			defaultConfigurationName = Release;
		};
/* End XCConfigurationList section */

/* Begin XCLocalSwiftPackageReference section */
		1455EF3E2FE29D8F00D45594 /* XCLocalSwiftPackageReference "../../SwiftExpand" */ = {
			isa = XCLocalSwiftPackageReference;
			relativePath = ../../SwiftExpand;
		};
/* End XCLocalSwiftPackageReference section */

/* Begin XCSwiftPackageProductDependency section */
		1455EF402FE29D9000D45594 /* SwiftExpand */ = {
			isa = XCSwiftPackageProductDependency;
			package = 1455EF3E2FE29D8F00D45594 /* XCLocalSwiftPackageReference "../../SwiftExpand" */;
			productName = SwiftExpand;
		};
/* End XCSwiftPackageProductDependency section */
	};
	rootObject = 1455EF022FE29D6A00D45594 /* Project object */;
}
