// !$*UTF8*$!
{
	archiveVersion = 1;
	classes = {
	};
	objectVersion = 51;
	objects = {

/* Begin PBXBuildFile section */
		14D4ED2823A1336B00B8BD16 /* AppDelegate.swift in Sources */ = {isa = PBXBuildFile; fileRef = 14D4ED2723A1336B00B8BD16 /* AppDelegate.swift */; };
		14D4ED3123A1336C00B8BD16 /* Assets.xcassets in Resources */ = {isa = PBXBuildFile; fileRef = 14D4ED3023A1336C00B8BD16 /* Assets.xcassets */; };
		14D4ED3423A1336C00B8BD16 /* LaunchScreen.storyboard in Resources */ = {isa = PBXBuildFile; fileRef = 14D4ED3223A1336C00B8BD16 /* LaunchScreen.storyboard */; };
		14D4ED3F23A1351200B8BD16 /* HomeViewController.swift in Sources */ = {isa = PBXBuildFile; fileRef = 14D4ED3D23A1351200B8BD16 /* HomeViewController.swift */; };
		968157D66371087BE74DD15D /* Pods_SwiftExpandExample.framework in Frameworks */ = {isa = PBXBuildFile; fileRef = 9DA51E3B3F605D0820AF008B /* Pods_SwiftExpandExample.framework */; };
/* End PBXBuildFile section */

/* Begin PBXFileReference section */
		14D4ED2423A1336B00B8BD16 /* SwiftExpandExample.app */ = {isa = PBXFileReference; explicitFileType = wrapper.application; includeInIndex = 0; path = SwiftExpandExample.app; sourceTree = BUILT_PRODUCTS_DIR; };
		14D4ED2723A1336B00B8BD16 /* AppDelegate.swift */ = {isa = PBXFileReference; lastKnownFileType = sourcecode.swift; path = AppDelegate.swift; sourceTree = "<group>"; };
		14D4ED3023A1336C00B8BD16 /* Assets.xcassets */ = {isa = PBXFileReference; lastKnownFileType = folder.assetcatalog; path = Assets.xcassets; sourceTree = "<group>"; };
		14D4ED3323A1336C00B8BD16 /* Base */ = {isa = PBXFileReference; lastKnownFileType = file.storyboard; name = Base; path = Base.lproj/LaunchScreen.storyboard; sourceTree = "<group>"; };
		14D4ED3523A1336C00B8BD16 /* Info.plist */ = {isa = PBXFileReference; lastKnownFileType = text.plist.xml; path = Info.plist; sourceTree = "<group>"; };
		14D4ED3D23A1351200B8BD16 /* HomeViewController.swift */ = {isa = PBXFileReference; fileEncoding = 4; lastKnownFileType = sourcecode.swift; path = HomeViewController.swift; sourceTree = "<group>"; };
		1607BD502BACD986C897F9E6 /* Pods-SwiftExpandExample.release.xcconfig */ = {isa = PBXFileReference; includeInIndex = 1; lastKnownFileType = text.xcconfig; name = "Pods-SwiftExpandExample.release.xcconfig"; path = "Target Support Files/Pods-SwiftExpandExample/Pods-SwiftExpandExample.release.xcconfig"; sourceTree = "<group>"; };
		9DA51E3B3F605D0820AF008B /* Pods_SwiftExpandExample.framework */ = {isa = PBXFileReference; explicitFileType = wrapper.framework; includeInIndex = 0; path = Pods_SwiftExpandExample.framework; sourceTree = BUILT_PRODUCTS_DIR; };
		CFCE18B6EB60B03F9DD2AE55 /* Pods-SwiftExpandExample.debug.xcconfig */ = {isa = PBXFileReference; includeInIndex = 1; lastKnownFileType = text.xcconfig; name = "Pods-SwiftExpandExample.debug.xcconfig"; path = "Target Support Files/Pods-SwiftExpandExample/Pods-SwiftExpandExample.debug.xcconfig"; sourceTree = "<group>"; };
/* End PBXFileReference section */

/* Begin PBXFrameworksBuildPhase section */
		14D4ED2123A1336B00B8BD16 /* Frameworks */ = {
			isa = PBXFrameworksBuildPhase;
			buildActionMask = 2147483647;
			files = (
				968157D66371087BE74DD15D /* Pods_SwiftExpandExample.framework in Frameworks */,
			);
			runOnlyForDeploymentPostprocessing = 0;
		};
/* End PBXFrameworksBuildPhase section */

/* Begin PBXGroup section */
		14D4ED1B23A1336B00B8BD16 = {
			isa = PBXGroup;
			children = (
				14D4ED2623A1336B00B8BD16 /* SwiftExpandExample */,
				14D4ED2523A1336B00B8BD16 /* Products */,
				E06AC3927CB72A348000FDC1 /* Pods */,
				8942F684F4A7839DAEBE55CA /* Frameworks */,
			);
			sourceTree = "<group>";
		};
		14D4ED2523A1336B00B8BD16 /* Products */ = {
			isa = PBXGroup;
			children = (
				14D4ED2423A1336B00B8BD16 /* SwiftExpandExample.app */,
			);
			name = Products;
			sourceTree = "<group>";
		};
		14D4ED2623A1336B00B8BD16 /* SwiftExpandExample */ = {
			isa = PBXGroup;
			children = (
				14D4ED2723A1336B00B8BD16 /* AppDelegate.swift */,
				14D4ED3D23A1351200B8BD16 /* HomeViewController.swift */,
				14D4ED3023A1336C00B8BD16 /* Assets.xcassets */,
				14D4ED3223A1336C00B8BD16 /* LaunchScreen.storyboard */,
				14D4ED3523A1336C00B8BD16 /* Info.plist */,
			);
			path = SwiftExpandExample;
			sourceTree = "<group>";
		};
		8942F684F4A7839DAEBE55CA /* Frameworks */ = {
			isa = PBXGroup;
			children = (
				9DA51E3B3F605D0820AF008B /* Pods_SwiftExpandExample.framework */,
			);
			name = Frameworks;
			sourceTree = "<group>";
		};
		E06AC3927CB72A348000FDC1 /* Pods */ = {
			isa = PBXGroup;
			children = (
				CFCE18B6EB60B03F9DD2AE55 /* Pods-SwiftExpandExample.debug.xcconfig */,
				1607BD502BACD986C897F9E6 /* Pods-SwiftExpandExample.release.xcconfig */,
			);
			path = Pods;
			sourceTree = "<group>";
		};
/* End PBXGroup section */

/* Begin PBXNativeTarget section */
		14D4ED2323A1336B00B8BD16 /* SwiftExpandExample */ = {
			isa = PBXNativeTarget;
			buildConfigurationList = 14D4ED3823A1336C00B8BD16 /* Build configuration list for PBXNativeTarget "SwiftExpandExample" */;
			buildPhases = (
				8AB3F8C6F41EC6C2B7A5B8A4 /* [CP] Check Pods Manifest.lock */,
				14D4ED2023A1336B00B8BD16 /* Sources */,
				14D4ED2123A1336B00B8BD16 /* Frameworks */,
				14D4ED2223A1336B00B8BD16 /* Resources */,
				25FA711FCF7DE0BDC647E756 /* [CP] Embed Pods Frameworks */,
			);
			buildRules = (
			);
			dependencies = (
			);
			name = SwiftExpandExample;
			productName = SwiftExpandExample;
			productReference = 14D4ED2423A1336B00B8BD16 /* SwiftExpandExample.app */;
			productType = "com.apple.product-type.application";
		};
/* End PBXNativeTarget section */

/* Begin PBXProject section */
		14D4ED1C23A1336B00B8BD16 /* Project object */ = {
			isa = PBXProject;
			attributes = {
				LastSwiftUpdateCheck = 1110;
				LastUpgradeCheck = 1110;
				ORGANIZATIONNAME = "Bin Shang";
				TargetAttributes = {
					14D4ED2323A1336B00B8BD16 = {
						CreatedOnToolsVersion = 11.1;
					};
				};
			};
			buildConfigurationList = 14D4ED1F23A1336B00B8BD16 /* Build configuration list for PBXProject "SwiftExpandExample" */;
			compatibilityVersion = "Xcode 9.3";
			developmentRegion = en;
			hasScannedForEncodings = 0;
			knownRegions = (
				en,
				Base,
			);
			mainGroup = 14D4ED1B23A1336B00B8BD16;
			productRefGroup = 14D4ED2523A1336B00B8BD16 /* Products */;
			projectDirPath = "";
			projectRoot = "";
			targets = (
				14D4ED2323A1336B00B8BD16 /* SwiftExpandExample */,
			);
		};
/* End PBXProject section */

/* Begin PBXResourcesBuildPhase section */
		14D4ED2223A1336B00B8BD16 /* Resources */ = {
			isa = PBXResourcesBuildPhase;
			buildActionMask = 2147483647;
			files = (
				14D4ED3423A1336C00B8BD16 /* LaunchScreen.storyboard in Resources */,
				14D4ED3123A1336C00B8BD16 /* Assets.xcassets in Resources */,
			);
			runOnlyForDeploymentPostprocessing = 0;
		};
/* End PBXResourcesBuildPhase section */

/* Begin PBXShellScriptBuildPhase section */
		25FA711FCF7DE0BDC647E756 /* [CP] Embed Pods Frameworks */ = {
			isa = PBXShellScriptBuildPhase;
			buildActionMask = 2147483647;
			files = (
			);
			inputFileListPaths = (
				"${PODS_ROOT}/Target Support Files/Pods-SwiftExpandExample/Pods-SwiftExpandExample-frameworks-${CONFIGURATION}-input-files.xcfilelist",
			);
			name = "[CP] Embed Pods Frameworks";
			outputFileListPaths = (
				"${PODS_ROOT}/Target Support Files/Pods-SwiftExpandExample/Pods-SwiftExpandExample-frameworks-${CONFIGURATION}-output-files.xcfilelist",
			);
			runOnlyForDeploymentPostprocessing = 0;
			shellPath = /bin/sh;
			shellScript = "\"${PODS_ROOT}/Target Support Files/Pods-SwiftExpandExample/Pods-SwiftExpandExample-frameworks.sh\"\n";
			showEnvVarsInLog = 0;
		};
		8AB3F8C6F41EC6C2B7A5B8A4 /* [CP] Check Pods Manifest.lock */ = {
			isa = PBXShellScriptBuildPhase;
			buildActionMask = 2147483647;
			files = (
			);
			inputFileListPaths = (
			);
			inputPaths = (
				"${PODS_PODFILE_DIR_PATH}/Podfile.lock",
				"${PODS_ROOT}/Manifest.lock",
			);
			name = "[CP] Check Pods Manifest.lock";
			outputFileListPaths = (
			);
			outputPaths = (
				"$(DERIVED_FILE_DIR)/Pods-SwiftExpandExample-checkManifestLockResult.txt",
			);
			runOnlyForDeploymentPostprocessing = 0;
			shellPath = /bin/sh;
			shellScript = "diff \"${PODS_PODFILE_DIR_PATH}/Podfile.lock\" \"${PODS_ROOT}/Manifest.lock\" > /dev/null\nif [ $? != 0 ] ; then\n    # print error to STDERR\n    echo \"error: The sandbox is not in sync with the Podfile.lock. Run 'pod install' or update your CocoaPods installation.\" >&2\n    exit 1\nfi\n# This output is used by Xcode 'outputs' to avoid re-running this script phase.\necho \"SUCCESS\" > \"${SCRIPT_OUTPUT_FILE_0}\"\n";
			showEnvVarsInLog = 0;
		};
/* End PBXShellScriptBuildPhase section */

/* Begin PBXSourcesBuildPhase section */
		14D4ED2023A1336B00B8BD16 /* Sources */ = {
			isa = PBXSourcesBuildPhase;
			buildActionMask = 2147483647;
			files = (
				14D4ED2823A1336B00B8BD16 /* AppDelegate.swift in Sources */,
				14D4ED3F23A1351200B8BD16 /* HomeViewController.swift in Sources */,
			);
			runOnlyForDeploymentPostprocessing = 0;
		};
/* End PBXSourcesBuildPhase section */

/* Begin PBXVariantGroup section */
		14D4ED3223A1336C00B8BD16 /* LaunchScreen.storyboard */ = {
			isa = PBXVariantGroup;
			children = (
				14D4ED3323A1336C00B8BD16 /* Base */,
			);
			name = LaunchScreen.storyboard;
			sourceTree = "<group>";
		};
/* End PBXVariantGroup section */

/* Begin XCBuildConfiguration section */
		14D4ED3623A1336C00B8BD16 /* Debug */ = {
			isa = XCBuildConfiguration;
			buildSettings = {
				ALWAYS_SEARCH_USER_PATHS = NO;
				CLANG_ANALYZER_NONNULL = YES;
				CLANG_ANALYZER_NUMBER_OBJECT_CONVERSION = YES_AGGRESSIVE;
				CLANG_CXX_LANGUAGE_STANDARD = "gnu++14";
				CLANG_CXX_LIBRARY = "libc++";
				CLANG_ENABLE_MODULES = YES;
				CLANG_ENABLE_OBJC_ARC = YES;
				CLANG_ENABLE_OBJC_WEAK = YES;
				CLANG_WARN_BLOCK_CAPTURE_AUTORELEASING = YES;
				CLANG_WARN_BOOL_CONVERSION = YES;
				CLANG_WARN_COMMA = YES;
				CLANG_WARN_CONSTANT_CONVERSION = YES;
				CLANG_WARN_DEPRECATED_OBJC_IMPLEMENTATIONS = YES;
				CLANG_WARN_DIRECT_OBJC_ISA_USAGE = YES_ERROR;
				CLANG_WARN_DOCUMENTATION_COMMENTS = YES;
				CLANG_WARN_EMPTY_BODY = YES;
				CLANG_WARN_ENUM_CONVERSION = YES;
				CLANG_WARN_INFINITE_RECURSION = YES;
				CLANG_WARN_INT_CONVERSION = YES;
				CLANG_WARN_NON_LITERAL_NULL_CONVERSION = YES;
				CLANG_WARN_OBJC_IMPLICIT_RETAIN_SELF = YES;
				CLANG_WARN_OBJC_LITERAL_CONVERSION = YES;
				CLANG_WARN_OBJC_ROOT_CLASS = YES_ERROR;
				CLANG_WARN_RANGE_LOOP_ANALYSIS = YES;
				CLANG_WARN_STRICT_PROTOTYPES = YES;
				CLANG_WARN_SUSPICIOUS_MOVE = YES;
				CLANG_WARN_UNGUARDED_AVAILABILITY = YES_AGGRESSIVE;
				CLANG_WARN_UNREACHABLE_CODE = YES;
				CLANG_WARN__DUPLICATE_METHOD_MATCH = YES;
				COPY_PHASE_STRIP = NO;
				DEBUG_INFORMATION_FORMAT = dwarf;
				ENABLE_STRICT_OBJC_MSGSEND = YES;
				ENABLE_TESTABILITY = YES;
				GCC_C_LANGUAGE_STANDARD = gnu11;
				GCC_DYNAMIC_NO_PIC = NO;
				GCC_NO_COMMON_BLOCKS = YES;
				GCC_OPTIMIZATION_LEVEL = 0;
				GCC_PREPROCESSOR_DEFINITIONS = (
					"DEBUG=1",
					"$(inherited)",
				);
				GCC_WARN_64_TO_32_BIT_CONVERSION = YES;
				GCC_WARN_ABOUT_RETURN_TYPE = YES_ERROR;
				GCC_WARN_UNDECLARED_SELECTOR = YES;
				GCC_WARN_UNINITIALIZED_AUTOS = YES_AGGRESSIVE;
				GCC_WARN_UNUSED_FUNCTION = YES;
				GCC_WARN_UNUSED_VARIABLE = YES;
				IPHONEOS_DEPLOYMENT_TARGET = 9.0;
				MTL_ENABLE_DEBUG_INFO = INCLUDE_SOURCE;
				MTL_FAST_MATH = YES;
				ONLY_ACTIVE_ARCH = YES;
				SDKROOT = iphoneos;
				SWIFT_ACTIVE_COMPILATION_CONDITIONS = DEBUG;
				SWIFT_OPTIMIZATION_LEVEL = "-Onone";
			};
			name = Debug;
		};
		14D4ED3723A1336C00B8BD16 /* Release */ = {
			isa = XCBuildConfiguration;
			buildSettings = {
				ALWAYS_SEARCH_USER_PATHS = NO;
				CLANG_ANALYZER_NONNULL = YES;
				CLANG_ANALYZER_NUMBER_OBJECT_CONVERSION = YES_AGGRESSIVE;
				CLANG_CXX_LANGUAGE_STANDARD = "gnu++14";
				CLANG_CXX_LIBRARY = "libc++";
				CLANG_ENABLE_MODULES = YES;
				CLANG_ENABLE_OBJC_ARC = YES;
				CLANG_ENABLE_OBJC_WEAK = YES;
				CLANG_WARN_BLOCK_CAPTURE_AUTORELEASING = YES;
				CLANG_WARN_BOOL_CONVERSION = YES;
				CLANG_WARN_COMMA = YES;
				CLANG_WARN_CONSTANT_CONVERSION = YES;
				CLANG_WARN_DEPRECATED_OBJC_IMPLEMENTATIONS = YES;
				CLANG_WARN_DIRECT_OBJC_ISA_USAGE = YES_ERROR;
				CLANG_WARN_DOCUMENTATION_COMMENTS = YES;
				CLANG_WARN_EMPTY_BODY = YES;
				CLANG_WARN_ENUM_CONVERSION = YES;
				CLANG_WARN_INFINITE_RECURSION = YES;
				CLANG_WARN_INT_CONVERSION = YES;
				CLANG_WARN_NON_LITERAL_NULL_CONVERSION = YES;
				CLANG_WARN_OBJC_IMPLICIT_RETAIN_SELF = YES;
				CLANG_WARN_OBJC_LITERAL_CONVERSION = YES;
				CLANG_WARN_OBJC_ROOT_CLASS = YES_ERROR;
				CLANG_WARN_RANGE_LOOP_ANALYSIS = YES;
				CLANG_WARN_STRICT_PROTOTYPES = YES;
				CLANG_WARN_SUSPICIOUS_MOVE = YES;
				CLANG_WARN_UNGUARDED_AVAILABILITY = YES_AGGRESSIVE;
				CLANG_WARN_UNREACHABLE_CODE = YES;
				CLANG_WARN__DUPLICATE_METHOD_MATCH = YES;
				COPY_PHASE_STRIP = NO;
				DEBUG_INFORMATION_FORMAT = "dwarf-with-dsym";
				ENABLE_NS_ASSERTIONS = NO;
				ENABLE_STRICT_OBJC_MSGSEND = YES;
				GCC_C_LANGUAGE_STANDARD = gnu11;
				GCC_NO_COMMON_BLOCKS = YES;
				GCC_WARN_64_TO_32_BIT_CONVERSION = YES;
				GCC_WARN_ABOUT_RETURN_TYPE = YES_ERROR;
				GCC_WARN_UNDECLARED_SELECTOR = YES;
				GCC_WARN_UNINITIALIZED_AUTOS = YES_AGGRESSIVE;
				GCC_WARN_UNUSED_FUNCTION = YES;
				GCC_WARN_UNUSED_VARIABLE = YES;
				IPHONEOS_DEPLOYMENT_TARGET = 9.0;
				MTL_ENABLE_DEBUG_INFO = NO;
				MTL_FAST_MATH = YES;
				SDKROOT = iphoneos;
				SWIFT_COMPILATION_MODE = wholemodule;
				SWIFT_OPTIMIZATION_LEVEL = "-O";
				VALIDATE_PRODUCT = YES;
			};
			name = Release;
		};
		14D4ED3923A1336C00B8BD16 /* Debug */ = {
			isa = XCBuildConfiguration;
			baseConfigurationReference = CFCE18B6EB60B03F9DD2AE55 /* Pods-SwiftExpandExample.debug.xcconfig */;
			buildSettings = {
				ASSETCATALOG_COMPILER_APPICON_NAME = AppIcon;
				CODE_SIGN_STYLE = Automatic;
				DEVELOPMENT_TEAM = UB99NJ7K8G;
				INFOPLIST_FILE = SwiftExpandExample/Info.plist;
				IPHONEOS_DEPLOYMENT_TARGET = 9.0;
				LD_RUNPATH_SEARCH_PATHS = (
					"$(inherited)",
					"@executable_path/Frameworks",
				);
				PRODUCT_BUNDLE_IDENTIFIER = bin.SwiftExpandExample;
				PRODUCT_NAME = "$(TARGET_NAME)";
				SWIFT_VERSION = 5.0;
				TARGETED_DEVICE_FAMILY = "1,2";
			};
			name = Debug;
		};
		14D4ED3A23A1336C00B8BD16 /* Release */ = {
			isa = XCBuildConfiguration;
			baseConfigurationReference = 1607BD502BACD986C897F9E6 /* Pods-SwiftExpandExample.release.xcconfig */;
			buildSettings = {
				ASSETCATALOG_COMPILER_APPICON_NAME = AppIcon;
				CODE_SIGN_STYLE = Automatic;
				DEVELOPMENT_TEAM = UB99NJ7K8G;
				INFOPLIST_FILE = SwiftExpandExample/Info.plist;
				IPHONEOS_DEPLOYMENT_TARGET = 9.0;
				LD_RUNPATH_SEARCH_PATHS = (
					"$(inherited)",
					"@executable_path/Frameworks",
				);
				PRODUCT_BUNDLE_IDENTIFIER = bin.SwiftExpandExample;
				PRODUCT_NAME = "$(TARGET_NAME)";
				SWIFT_VERSION = 5.0;
				TARGETED_DEVICE_FAMILY = "1,2";
			};
			name = Release;
		};
/* End XCBuildConfiguration section */

/* Begin XCConfigurationList section */
		14D4ED1F23A1336B00B8BD16 /* Build configuration list for PBXProject "SwiftExpandExample" */ = {
			isa = XCConfigurationList;
			buildConfigurations = (
				14D4ED3623A1336C00B8BD16 /* Debug */,
				14D4ED3723A1336C00B8BD16 /* Release */,
			);
			defaultConfigurationIsVisible = 0;
			defaultConfigurationName = Release;
		};
		14D4ED3823A1336C00B8BD16 /* Build configuration list for PBXNativeTarget "SwiftExpandExample" */ = {
			isa = XCConfigurationList;
			buildConfigurations = (
				14D4ED3923A1336C00B8BD16 /* Debug */,
				14D4ED3A23A1336C00B8BD16 /* Release */,
			);
			defaultConfigurationIsVisible = 0;
			defaultConfigurationName = Release;
		};
/* End XCConfigurationList section */
	};
	rootObject = 14D4ED1C23A1336B00B8BD16 /* Project object */;
}
